
Microsoft Visual Studio Solution File, Format Version 12.00
# Visual Studio Version 17
VisualStudioVersion = 17.4.33205.214
MinimumVisualStudioVersion = 15.0.0.0
Project("{9A19103F-16F7-4668-BE54-9A1E7A4F7556}") = "QuantConnect.Lean.Launcher", "Launcher\QuantConnect.Lean.Launcher.csproj", "{09E7B916-E58B-4021-BD8B-C10B4446E226}"
EndProject
Project("{9A19103F-16F7-4668-BE54-9A1E7A4F7556}") = "QuantConnect.Algorithm.CSharp", "Algorithm.CSharp\QuantConnect.Algorithm.CSharp.csproj", "{39A81C16-A1E8-425E-A8F2-1433ADB80228}"
EndProject
Project("{9A19103F-16F7-4668-BE54-9A1E7A4F7556}") = "QuantConnect.Algorithm.Python", "Algorithm.Python\QuantConnect.Algorithm.Python.csproj", "{48289996-CE56-4EDF-B451-4A2B1519EBC3}"
EndProject
Project("{9A19103F-16F7-4668-BE54-9A1E7A4F7556}") = "QuantConnect.ToolBox", "ToolBox\QuantConnect.ToolBox.csproj", "{AC9A142C-B485-44D7-91FF-015C22C43D05}"
EndProject
Project("{9A19103F-16F7-4668-BE54-9A1E7A4F7556}") = "QuantConnect.Report", "Report\QuantConnect.Report.csproj", "{2431419F-8BC6-4F59-944E-9A1CD28982DF}"
EndProject
Project("{9A19103F-16F7-4668-BE54-9A1E7A4F7556}") = "QuantConnect.Optimizer.Launcher", "Optimizer.Launcher\QuantConnect.Optimizer.Launcher.csproj", "{D46D2A8D-340C-4B40-8EE6-6BAA7B1198AB}"
EndProject
Project("{9A19103F-16F7-4668-BE54-9A1E7A4F7556}") = "QuantConnect.DownloaderDataProvider.Launcher", "DownloaderDataProvider\QuantConnect.DownloaderDataProvider.Launcher.csproj", "{D139191E-50D5-4284-AC9C-247ED60950F4}"
EndProject
Project("{2150E333-8FDC-42A3-9474-1A3956D46DE8}") = "Data", "Data", "{EF5BE61A-A847-47DD-94F1-164EF614354A}"
EndProject
Project("{2150E333-8FDC-42A3-9474-1A3956D46DE8}") = "market-hours", "market-hours", "{6D881232-0CC4-40E4-A2A6-EE6E9C4CAAEE}"
	ProjectSection(SolutionItems) = preProject
		Data\market-hours\market-hours-database.json = Data\market-hours\market-hours-database.json
	EndProjectSection
EndProject
Project("{2150E333-8FDC-42A3-9474-1A3956D46DE8}") = "symbol-properties", "symbol-properties", "{72165508-B2CF-4878-A18A-FA4ACFFD12F6}"
	ProjectSection(SolutionItems) = preProject
		Data\symbol-properties\security-database.csv = Data\symbol-properties\security-database.csv
		Data\symbol-properties\symbol-properties-database.csv = Data\symbol-properties\symbol-properties-database.csv
	EndProjectSection
EndProject
Global
	GlobalSection(SolutionConfigurationPlatforms) = preSolution
		Debug|Any CPU = Debug|Any CPU
		Release|Any CPU = Release|Any CPU
	EndGlobalSection
	GlobalSection(ProjectConfigurationPlatforms) = postSolution
		{09E7B916-E58B-4021-BD8B-C10B4446E226}.Debug|Any CPU.ActiveCfg = Debug|Any CPU
		{09E7B916-E58B-4021-BD8B-C10B4446E226}.Debug|Any CPU.Build.0 = Debug|Any CPU
		{09E7B916-E58B-4021-BD8B-C10B4446E226}.Release|Any CPU.ActiveCfg = Release|Any CPU
		{09E7B916-E58B-4021-BD8B-C10B4446E226}.Release|Any CPU.Build.0 = Release|Any CPU
		{39A81C16-A1E8-425E-A8F2-1433ADB80228}.Debug|Any CPU.ActiveCfg = Debug|Any CPU
		{39A81C16-A1E8-425E-A8F2-1433ADB80228}.Debug|Any CPU.Build.0 = Debug|Any CPU
		{39A81C16-A1E8-425E-A8F2-1433ADB80228}.Release|Any CPU.ActiveCfg = Release|Any CPU
		{39A81C16-A1E8-425E-A8F2-1433ADB80228}.Release|Any CPU.Build.0 = Release|Any CPU
		{48289996-CE56-4EDF-B451-4A2B1519EBC3}.Debug|Any CPU.ActiveCfg = Debug|Any CPU
		{48289996-CE56-4EDF-B451-4A2B1519EBC3}.Release|Any CPU.ActiveCfg = Release|Any CPU
		{AC9A142C-B485-44D7-91FF-015C22C43D05}.Debug|Any CPU.ActiveCfg = Debug|Any CPU
		{AC9A142C-B485-44D7-91FF-015C22C43D05}.Debug|Any CPU.Build.0 = Debug|Any CPU
		{AC9A142C-B485-44D7-91FF-015C22C43D05}.Release|Any CPU.ActiveCfg = Release|Any CPU
		{AC9A142C-B485-44D7-91FF-015C22C43D05}.Release|Any CPU.Build.0 = Release|Any CPU
		{2431419F-8BC6-4F59-944E-9A1CD28982DF}.Debug|Any CPU.ActiveCfg = Debug|Any CPU
		{2431419F-8BC6-4F59-944E-9A1CD28982DF}.Debug|Any CPU.Build.0 = Debug|Any CPU
		{2431419F-8BC6-4F59-944E-9A1CD28982DF}.Release|Any CPU.ActiveCfg = Release|Any CPU
		{2431419F-8BC6-4F59-944E-9A1CD28982DF}.Release|Any CPU.Build.0 = Release|Any CPU
		{D46D2A8D-340C-4B40-8EE6-6BAA7B1198AB}.Debug|Any CPU.ActiveCfg = Debug|Any CPU
		{D46D2A8D-340C-4B40-8EE6-6BAA7B1198AB}.Debug|Any CPU.Build.0 = Debug|Any CPU
		{D46D2A8D-340C-4B40-8EE6-6BAA7B1198AB}.Release|Any CPU.ActiveCfg = Release|Any CPU
		{D46D2A8D-340C-4B40-8EE6-6BAA7B1198AB}.Release|Any CPU.Build.0 = Release|Any CPU
		{D139191E-50D5-4284-AC9C-247ED60950F4}.Debug|Any CPU.ActiveCfg = Debug|Any CPU
		{D139191E-50D5-4284-AC9C-247ED60950F4}.Debug|Any CPU.Build.0 = Debug|Any CPU
		{D139191E-50D5-4284-AC9C-247ED60950F4}.Release|Any CPU.ActiveCfg = Release|Any CPU
		{D139191E-50D5-4284-AC9C-247ED60950F4}.Release|Any CPU.Build.0 = Release|Any CPU
	EndGlobalSection
	GlobalSection(SolutionProperties) = preSolution
		HideSolutionNode = FALSE
	EndGlobalSection
	GlobalSection(NestedProjects) = preSolution
		{6D881232-0CC4-40E4-A2A6-EE6E9C4CAAEE} = {EF5BE61A-A847-47DD-94F1-164EF614354A}
		{72165508-B2CF-4878-A18A-FA4ACFFD12F6} = {EF5BE61A-A847-47DD-94F1-164EF614354A}
	EndGlobalSection
	GlobalSection(ExtensibilityGlobals) = postSolution
		SolutionGuid = {67BACDB0-1FDB-4AF0-A199-88CF436FB470}
	EndGlobalSection
EndGlobal
